
Microsoft Visual Studio Solution File, Format Version 12.00
# Visual Studio Version 16
VisualStudioVersion = 16.0.29009.5
MinimumVisualStudioVersion = 10.0.40219.1
Project("{FAE04EC0-301F-11D3-BF4B-00C04F79EFBC}") = "DownloadApp", "DownloadApp\DownloadApp.csproj", "{B4ECAD17-D22B-4E0C-B369-5BAAEA13D13C}"
EndProject
Global
	GlobalSection(SolutionConfigurationPlatforms) = preSolution
		Debug|Any CPU = Debug|Any CPU
		Release|Any CPU = Release|Any CPU
	EndGlobalSection
	GlobalSection(ProjectConfigurationPlatforms) = postSolution
		{B4ECAD17-D22B-4E0C-B369-5BAAEA13D13C}.Debug|Any CPU.ActiveCfg = Debug|Any CPU
		{B4ECAD17-D22B-4E0C-B369-5BAAEA13D13C}.Debug|Any CPU.Build.0 = Debug|Any CPU
		{B4ECAD17-D22B-4E0C-B369-5BAAEA13D13C}.Release|Any CPU.ActiveCfg = Release|Any CPU
		{B4ECAD17-D22B-4E0C-B369-5BAAEA13D13C}.Release|Any CPU.Build.0 = Release|Any CPU
	EndGlobalSection
	GlobalSection(SolutionProperties) = preSolution
		HideSolutionNode = FALSE
	EndGlobalSection
	GlobalSection(ExtensibilityGlobals) = postSolution
		SolutionGuid = {0C42D8D6-4753-4A5E-9A11-1A0009AB2129}
	EndGlobalSection
EndGlobal
